
Microsoft Visual Studio Solution File, Format Version 12.00
# Visual Studio Version 17
VisualStudioVersion = 17.9.34902.65
MinimumVisualStudioVersion = 10.0.40219.1
Project("{9A19103F-16F7-4668-BE54-9A1E7A4F7556}") = "ApiHoteles", "ApiHoteles\ApiHoteles.csproj", "{C23825BE-4E65-4735-8882-98013D888376}"
	ProjectSection(ProjectDependencies) = postProject
		{5A7A919F-D4FA-43F1-8DFA-395DA257E7D0} = {5A7A919F-D4FA-43F1-8DFA-395DA257E7D0}
		{B73C7762-5268-4AC6-95A3-0ABB168B867F} = {B73C7762-5268-4AC6-95A3-0ABB168B867F}
		{CF27D892-7B65-4F53-82B5-5D457F4E8F61} = {CF27D892-7B65-4F53-82B5-5D457F4E8F61}
	EndProjectSection
EndProject
Project("{FAE04EC0-301F-11D3-BF4B-00C04F79EFBC}") = "DataObjects", "DataObjects\DataObjects.csproj", "{CF27D892-7B65-4F53-82B5-5D457F4E8F61}"
EndProject
Project("{FAE04EC0-301F-11D3-BF4B-00C04F79EFBC}") = "BaseDatos", "BaseDatos\BaseDatos.csproj", "{5A7A919F-D4FA-43F1-8DFA-395DA257E7D0}"
EndProject
Project("{FAE04EC0-301F-11D3-BF4B-00C04F79EFBC}") = "Models", "Models\Models.csproj", "{B73C7762-5268-4AC6-95A3-0ABB168B867F}"
EndProject
Global
	GlobalSection(SolutionConfigurationPlatforms) = preSolution
		Debug|Any CPU = Debug|Any CPU
		Release|Any CPU = Release|Any CPU
	EndGlobalSection
	GlobalSection(ProjectConfigurationPlatforms) = postSolution
		{C23825BE-4E65-4735-8882-98013D888376}.Debug|Any CPU.ActiveCfg = Debug|Any CPU
		{C23825BE-4E65-4735-8882-98013D888376}.Debug|Any CPU.Build.0 = Debug|Any CPU
		{C23825BE-4E65-4735-8882-98013D888376}.Release|Any CPU.ActiveCfg = Release|Any CPU
		{C23825BE-4E65-4735-8882-98013D888376}.Release|Any CPU.Build.0 = Release|Any CPU
		{CF27D892-7B65-4F53-82B5-5D457F4E8F61}.Debug|Any CPU.ActiveCfg = Debug|Any CPU
		{CF27D892-7B65-4F53-82B5-5D457F4E8F61}.Debug|Any CPU.Build.0 = Debug|Any CPU
		{CF27D892-7B65-4F53-82B5-5D457F4E8F61}.Release|Any CPU.ActiveCfg = Release|Any CPU
		{CF27D892-7B65-4F53-82B5-5D457F4E8F61}.Release|Any CPU.Build.0 = Release|Any CPU
		{5A7A919F-D4FA-43F1-8DFA-395DA257E7D0}.Debug|Any CPU.ActiveCfg = Debug|Any CPU
		{5A7A919F-D4FA-43F1-8DFA-395DA257E7D0}.Debug|Any CPU.Build.0 = Debug|Any CPU
		{5A7A919F-D4FA-43F1-8DFA-395DA257E7D0}.Release|Any CPU.ActiveCfg = Release|Any CPU
		{5A7A919F-D4FA-43F1-8DFA-395DA257E7D0}.Release|Any CPU.Build.0 = Release|Any CPU
		{B73C7762-5268-4AC6-95A3-0ABB168B867F}.Debug|Any CPU.ActiveCfg = Debug|Any CPU
		{B73C7762-5268-4AC6-95A3-0ABB168B867F}.Debug|Any CPU.Build.0 = Debug|Any CPU
		{B73C7762-5268-4AC6-95A3-0ABB168B867F}.Release|Any CPU.ActiveCfg = Release|Any CPU
		{B73C7762-5268-4AC6-95A3-0ABB168B867F}.Release|Any CPU.Build.0 = Release|Any CPU
	EndGlobalSection
	GlobalSection(SolutionProperties) = preSolution
		HideSolutionNode = FALSE
	EndGlobalSection
	GlobalSection(ExtensibilityGlobals) = postSolution
		SolutionGuid = {F96D81DA-5A5F-4989-B89E-262187AFB150}
	EndGlobalSection
EndGlobal
